
Microsoft Visual Studio Solution File, Format Version 12.00
# Visual Studio Version 17
VisualStudioVersion = 17.4.33122.133
MinimumVisualStudioVersion = 10.0.40219.1
Project("{9A19103F-16F7-4668-BE54-9A1E7A4F7556}") = "app-api", "app-api.csproj", "{43978FE5-86FD-483A-A72E-16CE8F8B1FED}"
EndProject
Global
	GlobalSection(SolutionConfigurationPlatforms) = preSolution
		Debug|Any CPU = Debug|Any CPU
		Release|Any CPU = Release|Any CPU
	EndGlobalSection
	GlobalSection(ProjectConfigurationPlatforms) = postSolution
		{43978FE5-86FD-483A-A72E-16CE8F8B1FED}.Debug|Any CPU.ActiveCfg = Debug|Any CPU
		{43978FE5-86FD-483A-A72E-16CE8F8B1FED}.Debug|Any CPU.Build.0 = Debug|Any CPU
		{43978FE5-86FD-483A-A72E-16CE8F8B1FED}.Release|Any CPU.ActiveCfg = Release|Any CPU
		{43978FE5-86FD-483A-A72E-16CE8F8B1FED}.Release|Any CPU.Build.0 = Release|Any CPU
	EndGlobalSection
	GlobalSection(SolutionProperties) = preSolution
		HideSolutionNode = FALSE
	EndGlobalSection
	GlobalSection(ExtensibilityGlobals) = postSolution
		SolutionGuid = {2569F36F-9330-4E3B-9993-869702D777F8}
	EndGlobalSection
EndGlobal
